
Microsoft Visual Studio Solution File, Format Version 12.00
# Visual Studio Version 16
VisualStudioVersion = 16.0.30621.155
MinimumVisualStudioVersion = 10.0.40219.1
Project("{FAE04EC0-301F-11D3-BF4B-00C04F79EFBC}") = "TestMetodoEvento", "TestMetodoEvento.csproj", "{98D8F104-B1A4-4ECE-A9FA-33C7D4922C91}"
EndProject
Global
	GlobalSection(SolutionConfigurationPlatforms) = preSolution
		Debug|Any CPU = Debug|Any CPU
		Release|Any CPU = Release|Any CPU
	EndGlobalSection
	GlobalSection(ProjectConfigurationPlatforms) = postSolution
		{98D8F104-B1A4-4ECE-A9FA-33C7D4922C91}.Debug|Any CPU.ActiveCfg = Debug|Any CPU
		{98D8F104-B1A4-4ECE-A9FA-33C7D4922C91}.Debug|Any CPU.Build.0 = Debug|Any CPU
		{98D8F104-B1A4-4ECE-A9FA-33C7D4922C91}.Release|Any CPU.ActiveCfg = Release|Any CPU
		{98D8F104-B1A4-4ECE-A9FA-33C7D4922C91}.Release|Any CPU.Build.0 = Release|Any CPU
	EndGlobalSection
	GlobalSection(SolutionProperties) = preSolution
		HideSolutionNode = FALSE
	EndGlobalSection
	GlobalSection(ExtensibilityGlobals) = postSolution
		SolutionGuid = {35447022-C210-4D92-BA4D-29D5CFE1210C}
	EndGlobalSection
EndGlobal
